# This file is autogenerated, do not edit; changes may be undone by the next 'dep ensure'.


[[projects]]
  name = "github.com/go-chi/chi"
  packages = [
    ".",
    "middleware"
  ]
  revision = "b5294d10673813fac8558e7f47242bc9e61b4c25"
  version = "v3.3.3"

[[projects]]
  name = "github.com/go-chi/render"
  packages = ["."]
  revision = "3215478343fbc559bd3fc08f7031bb134d6bdad5"
  version = "v1.0.1"

[[projects]]
  branch = "master"
  name = "golang.org/x/net"
  packages = [
    "context",
    "context/ctxhttp"
  ]
  revision = "9b4f9f5ad5197c79fd623a3638e70d8b26cef344"

[solve-meta]
  analyzer-name = "dep"
  analyzer-version = 1
  inputs-digest = "aedcbe62e2ebc1fc319592d2fbfc1712e6238009b3188acd735006b2a46ecd6c"
  solver-name = "gps-cdcl"
  solver-version = 1
